
Microsoft Visual Studio Solution File, Format Version 12.00
# Visual Studio Version 17
VisualStudioVersion = 17.0.31903.59
MinimumVisualStudioVersion = 10.0.40219.1
Project("{2150E333-8FDC-42A3-9474-1A3956D46DE8}") = "src", "src", "{827E0CD3-B72D-47B6-A68D-7590B98EB39B}"
EndProject
Project("{FAE04EC0-301F-11D3-BF4B-00C04F79EFBC}") = "ThroughlineBuild.Cli", "src\ThroughlineBuild.Cli\ThroughlineBuild.Cli.csproj", "{43B3BE0F-4192-4DE9-8DA2-F89AE441A0BC}"
EndProject
Project("{FAE04EC0-301F-11D3-BF4B-00C04F79EFBC}") = "ThroughlineBuild.Contracts", "src\ThroughlineBuild.Contracts\ThroughlineBuild.Contracts.csproj", "{A1B2C3D4-E5F6-7890-ABCD-EF1234567890}"
EndProject
Project("{FAE04EC0-301F-11D3-BF4B-00C04F79EFBC}") = "ThroughlineBuild.Helpers", "src\ThroughlineBuild.Helpers\ThroughlineBuild.Helpers.csproj", "{C5D6E7F8-A9B0-1234-5678-9ABCDEF01234}"
EndProject
Project("{2150E333-8FDC-42A3-9474-1A3956D46DE8}") = "tests", "tests", "{0AB3BF05-4346-4AA6-1389-037BE0695223}"
EndProject
Project("{FAE04EC0-301F-11D3-BF4B-00C04F79EFBC}") = "ThroughlineBuild.Cli.Tests", "tests\ThroughlineBuild.Cli.Tests\ThroughlineBuild.Cli.Tests.csproj", "{883C5339-158D-449E-9F9F-F287A3C72292}"
EndProject
Project("{FAE04EC0-301F-11D3-BF4B-00C04F79EFBC}") = "ThroughlineBuild.Contracts.Tests", "tests\ThroughlineBuild.Contracts.Tests\ThroughlineBuild.Contracts.Tests.csproj", "{B2C3D4E5-F6A7-8901-BCDE-F12345678901}"
EndProject
Project("{FAE04EC0-301F-11D3-BF4B-00C04F79EFBC}") = "ThroughlineBuild.Plane", "src\ThroughlineBuild.Plane\ThroughlineBuild.Plane.csproj", "{866B267B-1DD9-4B3F-A9BE-4D1A93E6A290}"
EndProject
Project("{FAE04EC0-301F-11D3-BF4B-00C04F79EFBC}") = "ThroughlineBuild.Plane.Tests", "tests\ThroughlineBuild.Plane.Tests\ThroughlineBuild.Plane.Tests.csproj", "{6DE7325B-AF71-4D18-A195-42CC59D8ACD1}"
EndProject
Project("{FAE04EC0-301F-11D3-BF4B-00C04F79EFBC}") = "ThroughlineBuild.Anthropic", "src\ThroughlineBuild.Anthropic\ThroughlineBuild.Anthropic.csproj", "{9C575B21-DF92-4D08-BB0E-A1CCA3459ECB}"
EndProject
Project("{FAE04EC0-301F-11D3-BF4B-00C04F79EFBC}") = "ThroughlineBuild.Anthropic.Tests", "tests\ThroughlineBuild.Anthropic.Tests\ThroughlineBuild.Anthropic.Tests.csproj", "{DE493F79-EAE8-411A-8070-4389D377CA3A}"
EndProject
Project("{FAE04EC0-301F-11D3-BF4B-00C04F79EFBC}") = "ThroughlineBuild.Workers.ClaudeCode", "src\ThroughlineBuild.Workers.ClaudeCode\ThroughlineBuild.Workers.ClaudeCode.csproj", "{0162C698-2496-4BEA-9B8B-F1D38C3B9484}"
EndProject
Project("{FAE04EC0-301F-11D3-BF4B-00C04F79EFBC}") = "ThroughlineBuild.Workers.ClaudeCode.Tests", "tests\ThroughlineBuild.Workers.ClaudeCode.Tests\ThroughlineBuild.Workers.ClaudeCode.Tests.csproj", "{B4CD35A2-5771-4E40-99BF-582D3D1604F8}"
EndProject
Project("{FAE04EC0-301F-11D3-BF4B-00C04F79EFBC}") = "ThroughlineBuild.EventLog", "src\ThroughlineBuild.EventLog\ThroughlineBuild.EventLog.csproj", "{74A05443-1B78-4CD8-99C4-AA1F4C827F5E}"
EndProject
Project("{FAE04EC0-301F-11D3-BF4B-00C04F79EFBC}") = "ThroughlineBuild.EventLog.Tests", "tests\ThroughlineBuild.EventLog.Tests\ThroughlineBuild.EventLog.Tests.csproj", "{454CE71B-5B07-4B83-96A1-273752B186D7}"
EndProject
Project("{FAE04EC0-301F-11D3-BF4B-00C04F79EFBC}") = "ThroughlineBuild.Briefs", "src\ThroughlineBuild.Briefs\ThroughlineBuild.Briefs.csproj", "{F1E2D3C4-B5A6-7890-CDEF-123456789ABC}"
EndProject
Project("{FAE04EC0-301F-11D3-BF4B-00C04F79EFBC}") = "ThroughlineBuild.Briefs.Tests", "tests\ThroughlineBuild.Briefs.Tests\ThroughlineBuild.Briefs.Tests.csproj", "{A2B3C4D5-E6F7-8901-ABCD-EF2345678901}"
EndProject
Project("{FAE04EC0-301F-11D3-BF4B-00C04F79EFBC}") = "ThroughlineBuild.Phases", "src\ThroughlineBuild.Phases\ThroughlineBuild.Phases.csproj", "{D7E8F901-2345-4678-89AB-CDEF01234567}"
EndProject
Project("{FAE04EC0-301F-11D3-BF4B-00C04F79EFBC}") = "ThroughlineBuild.Phases.Tests", "tests\ThroughlineBuild.Phases.Tests\ThroughlineBuild.Phases.Tests.csproj", "{E8F90123-4567-489A-BCDE-F01234567890}"
EndProject
Project("{FAE04EC0-301F-11D3-BF4B-00C04F79EFBC}") = "ThroughlineBuild.JudgmentSlots", "src\ThroughlineBuild.JudgmentSlots\ThroughlineBuild.JudgmentSlots.csproj", "{138AF500-1728-429F-B829-042F496AB2D5}"
EndProject
Project("{FAE04EC0-301F-11D3-BF4B-00C04F79EFBC}") = "ThroughlineBuild.JudgmentSlots.Tests", "tests\ThroughlineBuild.JudgmentSlots.Tests\ThroughlineBuild.JudgmentSlots.Tests.csproj", "{D9561933-CCD0-404F-BA34-0659F9CF6372}"
EndProject
Global
	GlobalSection(SolutionConfigurationPlatforms) = preSolution
		Debug|Any CPU = Debug|Any CPU
		Debug|x64 = Debug|x64
		Debug|x86 = Debug|x86
		Release|Any CPU = Release|Any CPU
		Release|x64 = Release|x64
		Release|x86 = Release|x86
	EndGlobalSection
	GlobalSection(ProjectConfigurationPlatforms) = postSolution
		{43B3BE0F-4192-4DE9-8DA2-F89AE441A0BC}.Debug|Any CPU.ActiveCfg = Debug|Any CPU
		{43B3BE0F-4192-4DE9-8DA2-F89AE441A0BC}.Debug|Any CPU.Build.0 = Debug|Any CPU
		{43B3BE0F-4192-4DE9-8DA2-F89AE441A0BC}.Debug|x64.ActiveCfg = Debug|Any CPU
		{43B3BE0F-4192-4DE9-8DA2-F89AE441A0BC}.Debug|x64.Build.0 = Debug|Any CPU
		{43B3BE0F-4192-4DE9-8DA2-F89AE441A0BC}.Debug|x86.ActiveCfg = Debug|Any CPU
		{43B3BE0F-4192-4DE9-8DA2-F89AE441A0BC}.Debug|x86.Build.0 = Debug|Any CPU
		{43B3BE0F-4192-4DE9-8DA2-F89AE441A0BC}.Release|Any CPU.ActiveCfg = Release|Any CPU
		{43B3BE0F-4192-4DE9-8DA2-F89AE441A0BC}.Release|Any CPU.Build.0 = Release|Any CPU
		{43B3BE0F-4192-4DE9-8DA2-F89AE441A0BC}.Release|x64.ActiveCfg = Release|Any CPU
		{43B3BE0F-4192-4DE9-8DA2-F89AE441A0BC}.Release|x64.Build.0 = Release|Any CPU
		{43B3BE0F-4192-4DE9-8DA2-F89AE441A0BC}.Release|x86.ActiveCfg = Release|Any CPU
		{43B3BE0F-4192-4DE9-8DA2-F89AE441A0BC}.Release|x86.Build.0 = Release|Any CPU
		{A1B2C3D4-E5F6-7890-ABCD-EF1234567890}.Debug|Any CPU.ActiveCfg = Debug|Any CPU
		{A1B2C3D4-E5F6-7890-ABCD-EF1234567890}.Debug|Any CPU.Build.0 = Debug|Any CPU
		{A1B2C3D4-E5F6-7890-ABCD-EF1234567890}.Debug|x64.ActiveCfg = Debug|Any CPU
		{A1B2C3D4-E5F6-7890-ABCD-EF1234567890}.Debug|x64.Build.0 = Debug|Any CPU
		{A1B2C3D4-E5F6-7890-ABCD-EF1234567890}.Debug|x86.ActiveCfg = Debug|Any CPU
		{A1B2C3D4-E5F6-7890-ABCD-EF1234567890}.Debug|x86.Build.0 = Debug|Any CPU
		{A1B2C3D4-E5F6-7890-ABCD-EF1234567890}.Release|Any CPU.ActiveCfg = Release|Any CPU
		{A1B2C3D4-E5F6-7890-ABCD-EF1234567890}.Release|Any CPU.Build.0 = Release|Any CPU
		{A1B2C3D4-E5F6-7890-ABCD-EF1234567890}.Release|x64.ActiveCfg = Release|Any CPU
		{A1B2C3D4-E5F6-7890-ABCD-EF1234567890}.Release|x64.Build.0 = Release|Any CPU
		{A1B2C3D4-E5F6-7890-ABCD-EF1234567890}.Release|x86.ActiveCfg = Release|Any CPU
		{A1B2C3D4-E5F6-7890-ABCD-EF1234567890}.Release|x86.Build.0 = Release|Any CPU
		{C5D6E7F8-A9B0-1234-5678-9ABCDEF01234}.Debug|Any CPU.ActiveCfg = Debug|Any CPU
		{C5D6E7F8-A9B0-1234-5678-9ABCDEF01234}.Debug|Any CPU.Build.0 = Debug|Any CPU
		{C5D6E7F8-A9B0-1234-5678-9ABCDEF01234}.Debug|x64.ActiveCfg = Debug|Any CPU
		{C5D6E7F8-A9B0-1234-5678-9ABCDEF01234}.Debug|x64.Build.0 = Debug|Any CPU
		{C5D6E7F8-A9B0-1234-5678-9ABCDEF01234}.Debug|x86.ActiveCfg = Debug|Any CPU
		{C5D6E7F8-A9B0-1234-5678-9ABCDEF01234}.Debug|x86.Build.0 = Debug|Any CPU
		{C5D6E7F8-A9B0-1234-5678-9ABCDEF01234}.Release|Any CPU.ActiveCfg = Release|Any CPU
		{C5D6E7F8-A9B0-1234-5678-9ABCDEF01234}.Release|Any CPU.Build.0 = Release|Any CPU
		{C5D6E7F8-A9B0-1234-5678-9ABCDEF01234}.Release|x64.ActiveCfg = Release|Any CPU
		{C5D6E7F8-A9B0-1234-5678-9ABCDEF01234}.Release|x64.Build.0 = Release|Any CPU
		{C5D6E7F8-A9B0-1234-5678-9ABCDEF01234}.Release|x86.ActiveCfg = Release|Any CPU
		{C5D6E7F8-A9B0-1234-5678-9ABCDEF01234}.Release|x86.Build.0 = Release|Any CPU
		{883C5339-158D-449E-9F9F-F287A3C72292}.Debug|Any CPU.ActiveCfg = Debug|Any CPU
		{883C5339-158D-449E-9F9F-F287A3C72292}.Debug|Any CPU.Build.0 = Debug|Any CPU
		{883C5339-158D-449E-9F9F-F287A3C72292}.Debug|x64.ActiveCfg = Debug|Any CPU
		{883C5339-158D-449E-9F9F-F287A3C72292}.Debug|x64.Build.0 = Debug|Any CPU
		{883C5339-158D-449E-9F9F-F287A3C72292}.Debug|x86.ActiveCfg = Debug|Any CPU
		{883C5339-158D-449E-9F9F-F287A3C72292}.Debug|x86.Build.0 = Debug|Any CPU
		{883C5339-158D-449E-9F9F-F287A3C72292}.Release|Any CPU.ActiveCfg = Release|Any CPU
		{883C5339-158D-449E-9F9F-F287A3C72292}.Release|Any CPU.Build.0 = Release|Any CPU
		{883C5339-158D-449E-9F9F-F287A3C72292}.Release|x64.ActiveCfg = Release|Any CPU
		{883C5339-158D-449E-9F9F-F287A3C72292}.Release|x64.Build.0 = Release|Any CPU
		{883C5339-158D-449E-9F9F-F287A3C72292}.Release|x86.ActiveCfg = Release|Any CPU
		{883C5339-158D-449E-9F9F-F287A3C72292}.Release|x86.Build.0 = Release|Any CPU
		{B2C3D4E5-F6A7-8901-BCDE-F12345678901}.Debug|Any CPU.ActiveCfg = Debug|Any CPU
		{B2C3D4E5-F6A7-8901-BCDE-F12345678901}.Debug|Any CPU.Build.0 = Debug|Any CPU
		{B2C3D4E5-F6A7-8901-BCDE-F12345678901}.Debug|x64.ActiveCfg = Debug|Any CPU
		{B2C3D4E5-F6A7-8901-BCDE-F12345678901}.Debug|x64.Build.0 = Debug|Any CPU
		{B2C3D4E5-F6A7-8901-BCDE-F12345678901}.Debug|x86.ActiveCfg = Debug|Any CPU
		{B2C3D4E5-F6A7-8901-BCDE-F12345678901}.Debug|x86.Build.0 = Debug|Any CPU
		{B2C3D4E5-F6A7-8901-BCDE-F12345678901}.Release|Any CPU.ActiveCfg = Release|Any CPU
		{B2C3D4E5-F6A7-8901-BCDE-F12345678901}.Release|Any CPU.Build.0 = Release|Any CPU
		{B2C3D4E5-F6A7-8901-BCDE-F12345678901}.Release|x64.ActiveCfg = Release|Any CPU
		{B2C3D4E5-F6A7-8901-BCDE-F12345678901}.Release|x64.Build.0 = Release|Any CPU
		{B2C3D4E5-F6A7-8901-BCDE-F12345678901}.Release|x86.ActiveCfg = Release|Any CPU
		{B2C3D4E5-F6A7-8901-BCDE-F12345678901}.Release|x86.Build.0 = Release|Any CPU
		{866B267B-1DD9-4B3F-A9BE-4D1A93E6A290}.Debug|Any CPU.ActiveCfg = Debug|Any CPU
		{866B267B-1DD9-4B3F-A9BE-4D1A93E6A290}.Debug|Any CPU.Build.0 = Debug|Any CPU
		{866B267B-1DD9-4B3F-A9BE-4D1A93E6A290}.Debug|x64.ActiveCfg = Debug|Any CPU
		{866B267B-1DD9-4B3F-A9BE-4D1A93E6A290}.Debug|x64.Build.0 = Debug|Any CPU
		{866B267B-1DD9-4B3F-A9BE-4D1A93E6A290}.Debug|x86.ActiveCfg = Debug|Any CPU
		{866B267B-1DD9-4B3F-A9BE-4D1A93E6A290}.Debug|x86.Build.0 = Debug|Any CPU
		{866B267B-1DD9-4B3F-A9BE-4D1A93E6A290}.Release|Any CPU.ActiveCfg = Release|Any CPU
		{866B267B-1DD9-4B3F-A9BE-4D1A93E6A290}.Release|Any CPU.Build.0 = Release|Any CPU
		{866B267B-1DD9-4B3F-A9BE-4D1A93E6A290}.Release|x64.ActiveCfg = Release|Any CPU
		{866B267B-1DD9-4B3F-A9BE-4D1A93E6A290}.Release|x64.Build.0 = Release|Any CPU
		{866B267B-1DD9-4B3F-A9BE-4D1A93E6A290}.Release|x86.ActiveCfg = Release|Any CPU
		{866B267B-1DD9-4B3F-A9BE-4D1A93E6A290}.Release|x86.Build.0 = Release|Any CPU
		{6DE7325B-AF71-4D18-A195-42CC59D8ACD1}.Debug|Any CPU.ActiveCfg = Debug|Any CPU
		{6DE7325B-AF71-4D18-A195-42CC59D8ACD1}.Debug|Any CPU.Build.0 = Debug|Any CPU
		{6DE7325B-AF71-4D18-A195-42CC59D8ACD1}.Debug|x64.ActiveCfg = Debug|Any CPU
		{6DE7325B-AF71-4D18-A195-42CC59D8ACD1}.Debug|x64.Build.0 = Debug|Any CPU
		{6DE7325B-AF71-4D18-A195-42CC59D8ACD1}.Debug|x86.ActiveCfg = Debug|Any CPU
		{6DE7325B-AF71-4D18-A195-42CC59D8ACD1}.Debug|x86.Build.0 = Debug|Any CPU
		{6DE7325B-AF71-4D18-A195-42CC59D8ACD1}.Release|Any CPU.ActiveCfg = Release|Any CPU
		{6DE7325B-AF71-4D18-A195-42CC59D8ACD1}.Release|Any CPU.Build.0 = Release|Any CPU
		{6DE7325B-AF71-4D18-A195-42CC59D8ACD1}.Release|x64.ActiveCfg = Release|Any CPU
		{6DE7325B-AF71-4D18-A195-42CC59D8ACD1}.Release|x64.Build.0 = Release|Any CPU
		{6DE7325B-AF71-4D18-A195-42CC59D8ACD1}.Release|x86.ActiveCfg = Release|Any CPU
		{6DE7325B-AF71-4D18-A195-42CC59D8ACD1}.Release|x86.Build.0 = Release|Any CPU
		{9C575B21-DF92-4D08-BB0E-A1CCA3459ECB}.Debug|Any CPU.ActiveCfg = Debug|Any CPU
		{9C575B21-DF92-4D08-BB0E-A1CCA3459ECB}.Debug|Any CPU.Build.0 = Debug|Any CPU
		{9C575B21-DF92-4D08-BB0E-A1CCA3459ECB}.Debug|x64.ActiveCfg = Debug|Any CPU
		{9C575B21-DF92-4D08-BB0E-A1CCA3459ECB}.Debug|x64.Build.0 = Debug|Any CPU
		{9C575B21-DF92-4D08-BB0E-A1CCA3459ECB}.Debug|x86.ActiveCfg = Debug|Any CPU
		{9C575B21-DF92-4D08-BB0E-A1CCA3459ECB}.Debug|x86.Build.0 = Debug|Any CPU
		{9C575B21-DF92-4D08-BB0E-A1CCA3459ECB}.Release|Any CPU.ActiveCfg = Release|Any CPU
		{9C575B21-DF92-4D08-BB0E-A1CCA3459ECB}.Release|Any CPU.Build.0 = Release|Any CPU
		{9C575B21-DF92-4D08-BB0E-A1CCA3459ECB}.Release|x64.ActiveCfg = Release|Any CPU
		{9C575B21-DF92-4D08-BB0E-A1CCA3459ECB}.Release|x64.Build.0 = Release|Any CPU
		{9C575B21-DF92-4D08-BB0E-A1CCA3459ECB}.Release|x86.ActiveCfg = Release|Any CPU
		{9C575B21-DF92-4D08-BB0E-A1CCA3459ECB}.Release|x86.Build.0 = Release|Any CPU
		{DE493F79-EAE8-411A-8070-4389D377CA3A}.Debug|Any CPU.ActiveCfg = Debug|Any CPU
		{DE493F79-EAE8-411A-8070-4389D377CA3A}.Debug|Any CPU.Build.0 = Debug|Any CPU
		{DE493F79-EAE8-411A-8070-4389D377CA3A}.Debug|x64.ActiveCfg = Debug|Any CPU
		{DE493F79-EAE8-411A-8070-4389D377CA3A}.Debug|x64.Build.0 = Debug|Any CPU
		{DE493F79-EAE8-411A-8070-4389D377CA3A}.Debug|x86.ActiveCfg = Debug|Any CPU
		{DE493F79-EAE8-411A-8070-4389D377CA3A}.Debug|x86.Build.0 = Debug|Any CPU
		{DE493F79-EAE8-411A-8070-4389D377CA3A}.Release|Any CPU.ActiveCfg = Release|Any CPU
		{DE493F79-EAE8-411A-8070-4389D377CA3A}.Release|Any CPU.Build.0 = Release|Any CPU
		{DE493F79-EAE8-411A-8070-4389D377CA3A}.Release|x64.ActiveCfg = Release|Any CPU
		{DE493F79-EAE8-411A-8070-4389D377CA3A}.Release|x64.Build.0 = Release|Any CPU
		{DE493F79-EAE8-411A-8070-4389D377CA3A}.Release|x86.ActiveCfg = Release|Any CPU
		{DE493F79-EAE8-411A-8070-4389D377CA3A}.Release|x86.Build.0 = Release|Any CPU
		{0162C698-2496-4BEA-9B8B-F1D38C3B9484}.Debug|Any CPU.ActiveCfg = Debug|Any CPU
		{0162C698-2496-4BEA-9B8B-F1D38C3B9484}.Debug|Any CPU.Build.0 = Debug|Any CPU
		{0162C698-2496-4BEA-9B8B-F1D38C3B9484}.Debug|x64.ActiveCfg = Debug|Any CPU
		{0162C698-2496-4BEA-9B8B-F1D38C3B9484}.Debug|x64.Build.0 = Debug|Any CPU
		{0162C698-2496-4BEA-9B8B-F1D38C3B9484}.Debug|x86.ActiveCfg = Debug|Any CPU
		{0162C698-2496-4BEA-9B8B-F1D38C3B9484}.Debug|x86.Build.0 = Debug|Any CPU
		{0162C698-2496-4BEA-9B8B-F1D38C3B9484}.Release|Any CPU.ActiveCfg = Release|Any CPU
		{0162C698-2496-4BEA-9B8B-F1D38C3B9484}.Release|Any CPU.Build.0 = Release|Any CPU
		{0162C698-2496-4BEA-9B8B-F1D38C3B9484}.Release|x64.ActiveCfg = Release|Any CPU
		{0162C698-2496-4BEA-9B8B-F1D38C3B9484}.Release|x64.Build.0 = Release|Any CPU
		{0162C698-2496-4BEA-9B8B-F1D38C3B9484}.Release|x86.ActiveCfg = Release|Any CPU
		{0162C698-2496-4BEA-9B8B-F1D38C3B9484}.Release|x86.Build.0 = Release|Any CPU
		{B4CD35A2-5771-4E40-99BF-582D3D1604F8}.Debug|Any CPU.ActiveCfg = Debug|Any CPU
		{B4CD35A2-5771-4E40-99BF-582D3D1604F8}.Debug|Any CPU.Build.0 = Debug|Any CPU
		{B4CD35A2-5771-4E40-99BF-582D3D1604F8}.Debug|x64.ActiveCfg = Debug|Any CPU
		{B4CD35A2-5771-4E40-99BF-582D3D1604F8}.Debug|x64.Build.0 = Debug|Any CPU
		{B4CD35A2-5771-4E40-99BF-582D3D1604F8}.Debug|x86.ActiveCfg = Debug|Any CPU
		{B4CD35A2-5771-4E40-99BF-582D3D1604F8}.Debug|x86.Build.0 = Debug|Any CPU
		{B4CD35A2-5771-4E40-99BF-582D3D1604F8}.Release|Any CPU.ActiveCfg = Release|Any CPU
		{B4CD35A2-5771-4E40-99BF-582D3D1604F8}.Release|Any CPU.Build.0 = Release|Any CPU
		{B4CD35A2-5771-4E40-99BF-582D3D1604F8}.Release|x64.ActiveCfg = Release|Any CPU
		{B4CD35A2-5771-4E40-99BF-582D3D1604F8}.Release|x64.Build.0 = Release|Any CPU
		{B4CD35A2-5771-4E40-99BF-582D3D1604F8}.Release|x86.ActiveCfg = Release|Any CPU
		{B4CD35A2-5771-4E40-99BF-582D3D1604F8}.Release|x86.Build.0 = Release|Any CPU
		{74A05443-1B78-4CD8-99C4-AA1F4C827F5E}.Debug|Any CPU.ActiveCfg = Debug|Any CPU
		{74A05443-1B78-4CD8-99C4-AA1F4C827F5E}.Debug|Any CPU.Build.0 = Debug|Any CPU
		{74A05443-1B78-4CD8-99C4-AA1F4C827F5E}.Debug|x64.ActiveCfg = Debug|Any CPU
		{74A05443-1B78-4CD8-99C4-AA1F4C827F5E}.Debug|x64.Build.0 = Debug|Any CPU
		{74A05443-1B78-4CD8-99C4-AA1F4C827F5E}.Debug|x86.ActiveCfg = Debug|Any CPU
		{74A05443-1B78-4CD8-99C4-AA1F4C827F5E}.Debug|x86.Build.0 = Debug|Any CPU
		{74A05443-1B78-4CD8-99C4-AA1F4C827F5E}.Release|Any CPU.ActiveCfg = Release|Any CPU
		{74A05443-1B78-4CD8-99C4-AA1F4C827F5E}.Release|Any CPU.Build.0 = Release|Any CPU
		{74A05443-1B78-4CD8-99C4-AA1F4C827F5E}.Release|x64.ActiveCfg = Release|Any CPU
		{74A05443-1B78-4CD8-99C4-AA1F4C827F5E}.Release|x64.Build.0 = Release|Any CPU
		{74A05443-1B78-4CD8-99C4-AA1F4C827F5E}.Release|x86.ActiveCfg = Release|Any CPU
		{74A05443-1B78-4CD8-99C4-AA1F4C827F5E}.Release|x86.Build.0 = Release|Any CPU
		{454CE71B-5B07-4B83-96A1-273752B186D7}.Debug|Any CPU.ActiveCfg = Debug|Any CPU
		{454CE71B-5B07-4B83-96A1-273752B186D7}.Debug|Any CPU.Build.0 = Debug|Any CPU
		{454CE71B-5B07-4B83-96A1-273752B186D7}.Debug|x64.ActiveCfg = Debug|Any CPU
		{454CE71B-5B07-4B83-96A1-273752B186D7}.Debug|x64.Build.0 = Debug|Any CPU
		{454CE71B-5B07-4B83-96A1-273752B186D7}.Debug|x86.ActiveCfg = Debug|Any CPU
		{454CE71B-5B07-4B83-96A1-273752B186D7}.Debug|x86.Build.0 = Debug|Any CPU
		{454CE71B-5B07-4B83-96A1-273752B186D7}.Release|Any CPU.ActiveCfg = Release|Any CPU
		{454CE71B-5B07-4B83-96A1-273752B186D7}.Release|Any CPU.Build.0 = Release|Any CPU
		{454CE71B-5B07-4B83-96A1-273752B186D7}.Release|x64.ActiveCfg = Release|Any CPU
		{454CE71B-5B07-4B83-96A1-273752B186D7}.Release|x64.Build.0 = Release|Any CPU
		{454CE71B-5B07-4B83-96A1-273752B186D7}.Release|x86.ActiveCfg = Release|Any CPU
		{454CE71B-5B07-4B83-96A1-273752B186D7}.Release|x86.Build.0 = Release|Any CPU
		{F1E2D3C4-B5A6-7890-CDEF-123456789ABC}.Debug|Any CPU.ActiveCfg = Debug|Any CPU
		{F1E2D3C4-B5A6-7890-CDEF-123456789ABC}.Debug|Any CPU.Build.0 = Debug|Any CPU
		{F1E2D3C4-B5A6-7890-CDEF-123456789ABC}.Debug|x64.ActiveCfg = Debug|Any CPU
		{F1E2D3C4-B5A6-7890-CDEF-123456789ABC}.Debug|x64.Build.0 = Debug|Any CPU
		{F1E2D3C4-B5A6-7890-CDEF-123456789ABC}.Debug|x86.ActiveCfg = Debug|Any CPU
		{F1E2D3C4-B5A6-7890-CDEF-123456789ABC}.Debug|x86.Build.0 = Debug|Any CPU
		{F1E2D3C4-B5A6-7890-CDEF-123456789ABC}.Release|Any CPU.ActiveCfg = Release|Any CPU
		{F1E2D3C4-B5A6-7890-CDEF-123456789ABC}.Release|Any CPU.Build.0 = Release|Any CPU
		{F1E2D3C4-B5A6-7890-CDEF-123456789ABC}.Release|x64.ActiveCfg = Release|Any CPU
		{F1E2D3C4-B5A6-7890-CDEF-123456789ABC}.Release|x64.Build.0 = Release|Any CPU
		{F1E2D3C4-B5A6-7890-CDEF-123456789ABC}.Release|x86.ActiveCfg = Release|Any CPU
		{F1E2D3C4-B5A6-7890-CDEF-123456789ABC}.Release|x86.Build.0 = Release|Any CPU
		{A2B3C4D5-E6F7-8901-ABCD-EF2345678901}.Debug|Any CPU.ActiveCfg = Debug|Any CPU
		{A2B3C4D5-E6F7-8901-ABCD-EF2345678901}.Debug|Any CPU.Build.0 = Debug|Any CPU
		{A2B3C4D5-E6F7-8901-ABCD-EF2345678901}.Debug|x64.ActiveCfg = Debug|Any CPU
		{A2B3C4D5-E6F7-8901-ABCD-EF2345678901}.Debug|x64.Build.0 = Debug|Any CPU
		{A2B3C4D5-E6F7-8901-ABCD-EF2345678901}.Debug|x86.ActiveCfg = Debug|Any CPU
		{A2B3C4D5-E6F7-8901-ABCD-EF2345678901}.Debug|x86.Build.0 = Debug|Any CPU
		{A2B3C4D5-E6F7-8901-ABCD-EF2345678901}.Release|Any CPU.ActiveCfg = Release|Any CPU
		{A2B3C4D5-E6F7-8901-ABCD-EF2345678901}.Release|Any CPU.Build.0 = Release|Any CPU
		{A2B3C4D5-E6F7-8901-ABCD-EF2345678901}.Release|x64.ActiveCfg = Release|Any CPU
		{A2B3C4D5-E6F7-8901-ABCD-EF2345678901}.Release|x64.Build.0 = Release|Any CPU
		{A2B3C4D5-E6F7-8901-ABCD-EF2345678901}.Release|x86.ActiveCfg = Release|Any CPU
		{A2B3C4D5-E6F7-8901-ABCD-EF2345678901}.Release|x86.Build.0 = Release|Any CPU
		{D7E8F901-2345-4678-89AB-CDEF01234567}.Debug|Any CPU.ActiveCfg = Debug|Any CPU
		{D7E8F901-2345-4678-89AB-CDEF01234567}.Debug|Any CPU.Build.0 = Debug|Any CPU
		{D7E8F901-2345-4678-89AB-CDEF01234567}.Debug|x64.ActiveCfg = Debug|Any CPU
		{D7E8F901-2345-4678-89AB-CDEF01234567}.Debug|x64.Build.0 = Debug|Any CPU
		{D7E8F901-2345-4678-89AB-CDEF01234567}.Debug|x86.ActiveCfg = Debug|Any CPU
		{D7E8F901-2345-4678-89AB-CDEF01234567}.Debug|x86.Build.0 = Debug|Any CPU
		{D7E8F901-2345-4678-89AB-CDEF01234567}.Release|Any CPU.ActiveCfg = Release|Any CPU
		{D7E8F901-2345-4678-89AB-CDEF01234567}.Release|Any CPU.Build.0 = Release|Any CPU
		{D7E8F901-2345-4678-89AB-CDEF01234567}.Release|x64.ActiveCfg = Release|Any CPU
		{D7E8F901-2345-4678-89AB-CDEF01234567}.Release|x64.Build.0 = Release|Any CPU
		{D7E8F901-2345-4678-89AB-CDEF01234567}.Release|x86.ActiveCfg = Release|Any CPU
		{D7E8F901-2345-4678-89AB-CDEF01234567}.Release|x86.Build.0 = Release|Any CPU
		{E8F90123-4567-489A-BCDE-F01234567890}.Debug|Any CPU.ActiveCfg = Debug|Any CPU
		{E8F90123-4567-489A-BCDE-F01234567890}.Debug|Any CPU.Build.0 = Debug|Any CPU
		{E8F90123-4567-489A-BCDE-F01234567890}.Debug|x64.ActiveCfg = Debug|Any CPU
		{E8F90123-4567-489A-BCDE-F01234567890}.Debug|x64.Build.0 = Debug|Any CPU
		{E8F90123-4567-489A-BCDE-F01234567890}.Debug|x86.ActiveCfg = Debug|Any CPU
		{E8F90123-4567-489A-BCDE-F01234567890}.Debug|x86.Build.0 = Debug|Any CPU
		{E8F90123-4567-489A-BCDE-F01234567890}.Release|Any CPU.ActiveCfg = Release|Any CPU
		{E8F90123-4567-489A-BCDE-F01234567890}.Release|Any CPU.Build.0 = Release|Any CPU
		{E8F90123-4567-489A-BCDE-F01234567890}.Release|x64.ActiveCfg = Release|Any CPU
		{E8F90123-4567-489A-BCDE-F01234567890}.Release|x64.Build.0 = Release|Any CPU
		{E8F90123-4567-489A-BCDE-F01234567890}.Release|x86.ActiveCfg = Release|Any CPU
		{E8F90123-4567-489A-BCDE-F01234567890}.Release|x86.Build.0 = Release|Any CPU
		{138AF500-1728-429F-B829-042F496AB2D5}.Debug|Any CPU.ActiveCfg = Debug|Any CPU
		{138AF500-1728-429F-B829-042F496AB2D5}.Debug|Any CPU.Build.0 = Debug|Any CPU
		{138AF500-1728-429F-B829-042F496AB2D5}.Debug|x64.ActiveCfg = Debug|Any CPU
		{138AF500-1728-429F-B829-042F496AB2D5}.Debug|x64.Build.0 = Debug|Any CPU
		{138AF500-1728-429F-B829-042F496AB2D5}.Debug|x86.ActiveCfg = Debug|Any CPU
		{138AF500-1728-429F-B829-042F496AB2D5}.Debug|x86.Build.0 = Debug|Any CPU
		{138AF500-1728-429F-B829-042F496AB2D5}.Release|Any CPU.ActiveCfg = Release|Any CPU
		{138AF500-1728-429F-B829-042F496AB2D5}.Release|Any CPU.Build.0 = Release|Any CPU
		{138AF500-1728-429F-B829-042F496AB2D5}.Release|x64.ActiveCfg = Release|Any CPU
		{138AF500-1728-429F-B829-042F496AB2D5}.Release|x64.Build.0 = Release|Any CPU
		{138AF500-1728-429F-B829-042F496AB2D5}.Release|x86.ActiveCfg = Release|Any CPU
		{138AF500-1728-429F-B829-042F496AB2D5}.Release|x86.Build.0 = Release|Any CPU
		{D9561933-CCD0-404F-BA34-0659F9CF6372}.Debug|Any CPU.ActiveCfg = Debug|Any CPU
		{D9561933-CCD0-404F-BA34-0659F9CF6372}.Debug|Any CPU.Build.0 = Debug|Any CPU
		{D9561933-CCD0-404F-BA34-0659F9CF6372}.Debug|x64.ActiveCfg = Debug|Any CPU
		{D9561933-CCD0-404F-BA34-0659F9CF6372}.Debug|x64.Build.0 = Debug|Any CPU
		{D9561933-CCD0-404F-BA34-0659F9CF6372}.Debug|x86.ActiveCfg = Debug|Any CPU
		{D9561933-CCD0-404F-BA34-0659F9CF6372}.Debug|x86.Build.0 = Debug|Any CPU
		{D9561933-CCD0-404F-BA34-0659F9CF6372}.Release|Any CPU.ActiveCfg = Release|Any CPU
		{D9561933-CCD0-404F-BA34-0659F9CF6372}.Release|Any CPU.Build.0 = Release|Any CPU
		{D9561933-CCD0-404F-BA34-0659F9CF6372}.Release|x64.ActiveCfg = Release|Any CPU
		{D9561933-CCD0-404F-BA34-0659F9CF6372}.Release|x64.Build.0 = Release|Any CPU
		{D9561933-CCD0-404F-BA34-0659F9CF6372}.Release|x86.ActiveCfg = Release|Any CPU
		{D9561933-CCD0-404F-BA34-0659F9CF6372}.Release|x86.Build.0 = Release|Any CPU
	EndGlobalSection
	GlobalSection(SolutionProperties) = preSolution
		HideSolutionNode = FALSE
	EndGlobalSection
	GlobalSection(NestedProjects) = preSolution
		{43B3BE0F-4192-4DE9-8DA2-F89AE441A0BC} = {827E0CD3-B72D-47B6-A68D-7590B98EB39B}
		{A1B2C3D4-E5F6-7890-ABCD-EF1234567890} = {827E0CD3-B72D-47B6-A68D-7590B98EB39B}
		{C5D6E7F8-A9B0-1234-5678-9ABCDEF01234} = {827E0CD3-B72D-47B6-A68D-7590B98EB39B}
		{883C5339-158D-449E-9F9F-F287A3C72292} = {0AB3BF05-4346-4AA6-1389-037BE0695223}
		{B2C3D4E5-F6A7-8901-BCDE-F12345678901} = {0AB3BF05-4346-4AA6-1389-037BE0695223}
		{866B267B-1DD9-4B3F-A9BE-4D1A93E6A290} = {827E0CD3-B72D-47B6-A68D-7590B98EB39B}
		{6DE7325B-AF71-4D18-A195-42CC59D8ACD1} = {0AB3BF05-4346-4AA6-1389-037BE0695223}
		{9C575B21-DF92-4D08-BB0E-A1CCA3459ECB} = {827E0CD3-B72D-47B6-A68D-7590B98EB39B}
		{DE493F79-EAE8-411A-8070-4389D377CA3A} = {0AB3BF05-4346-4AA6-1389-037BE0695223}
		{0162C698-2496-4BEA-9B8B-F1D38C3B9484} = {827E0CD3-B72D-47B6-A68D-7590B98EB39B}
		{B4CD35A2-5771-4E40-99BF-582D3D1604F8} = {0AB3BF05-4346-4AA6-1389-037BE0695223}
		{74A05443-1B78-4CD8-99C4-AA1F4C827F5E} = {827E0CD3-B72D-47B6-A68D-7590B98EB39B}
		{454CE71B-5B07-4B83-96A1-273752B186D7} = {0AB3BF05-4346-4AA6-1389-037BE0695223}
		{F1E2D3C4-B5A6-7890-CDEF-123456789ABC} = {827E0CD3-B72D-47B6-A68D-7590B98EB39B}
		{A2B3C4D5-E6F7-8901-ABCD-EF2345678901} = {0AB3BF05-4346-4AA6-1389-037BE0695223}
		{D7E8F901-2345-4678-89AB-CDEF01234567} = {827E0CD3-B72D-47B6-A68D-7590B98EB39B}
		{E8F90123-4567-489A-BCDE-F01234567890} = {0AB3BF05-4346-4AA6-1389-037BE0695223}
		{138AF500-1728-429F-B829-042F496AB2D5} = {827E0CD3-B72D-47B6-A68D-7590B98EB39B}
		{D9561933-CCD0-404F-BA34-0659F9CF6372} = {0AB3BF05-4346-4AA6-1389-037BE0695223}
	EndGlobalSection
EndGlobal
